// !$*UTF8*$!
{
	archiveVersion = 1;
	classes = {
	};
	objectVersion = 50;
	objects = {

/* Begin PBXBuildFile section */
		F238A2F2270E01BA00A09422 /* Assets.xcassets in Resources */ = {isa = PBXBuildFile; fileRef = F238A2F1270E01BA00A09422 /* Assets.xcassets */; };
		F238A2F9270E01BA00A09422 /* Calculator iMessage App MessagesExtension.appex in Embed App Extensions */ = {isa = PBXBuildFile; fileRef = F238A2F8270E01BA00A09422 /* Calculator iMessage App MessagesExtension.appex */; settings = {ATTRIBUTES = (RemoveHeadersOnCopy, ); }; };
		F238A2FE270E01BA00A09422 /* Messages.framework in Frameworks */ = {isa = PBXBuildFile; fileRef = F238A2FD270E01BA00A09422 /* Messages.framework */; };
		F238A301270E01BA00A09422 /* MessagesViewController.swift in Sources */ = {isa = PBXBuildFile; fileRef = F238A300270E01BA00A09422 /* MessagesViewController.swift */; };
		F238A304270E01BA00A09422 /* MainInterface.storyboard in Resources */ = {isa = PBXBuildFile; fileRef = F238A302270E01BA00A09422 /* MainInterface.storyboard */; };
		F238A306270E01BB00A09422 /* Assets.xcassets in Resources */ = {isa = PBXBuildFile; fileRef = F238A305270E01BB00A09422 /* Assets.xcassets */; };
/* End PBXBuildFile section */

/* Begin PBXContainerItemProxy section */
		F238A2FA270E01BA00A09422 /* PBXContainerItemProxy */ = {
			isa = PBXContainerItemProxy;
			containerPortal = F238A2E8270E01B800A09422 /* Project object */;
			proxyType = 1;
			remoteGlobalIDString = F238A2F7270E01BA00A09422;
			remoteInfo = "Calculator iMessage App MessagesExtension";
		};
/* End PBXContainerItemProxy section */

/* Begin PBXCopyFilesBuildPhase section */
		F238A30D270E01BB00A09422 /* Embed App Extensions */ = {
			isa = PBXCopyFilesBuildPhase;
			buildActionMask = 2147483647;
			dstPath = "";
			dstSubfolderSpec = 13;
			files = (
				F238A2F9270E01BA00A09422 /* Calculator iMessage App MessagesExtension.appex in Embed App Extensions */,
			);
			name = "Embed App Extensions";
			runOnlyForDeploymentPostprocessing = 0;
		};
/* End PBXCopyFilesBuildPhase section */

/* Begin PBXFileReference section */
		F238A2EE270E01B800A09422 /* Calculator iMessage App.app */ = {isa = PBXFileReference; explicitFileType = wrapper.application; includeInIndex = 0; path = "Calculator iMessage App.app"; sourceTree = BUILT_PRODUCTS_DIR; };
		F238A2F1270E01BA00A09422 /* Assets.xcassets */ = {isa = PBXFileReference; lastKnownFileType = folder.assetcatalog; path = Assets.xcassets; sourceTree = "<group>"; };
		F238A2F3270E01BA00A09422 /* Info.plist */ = {isa = PBXFileReference; lastKnownFileType = text.plist.xml; path = Info.plist; sourceTree = "<group>"; };
		F238A2F8270E01BA00A09422 /* Calculator iMessage App MessagesExtension.appex */ = {isa = PBXFileReference; explicitFileType = "wrapper.app-extension"; includeInIndex = 0; path = "Calculator iMessage App MessagesExtension.appex"; sourceTree = BUILT_PRODUCTS_DIR; };
		F238A2FD270E01BA00A09422 /* Messages.framework */ = {isa = PBXFileReference; lastKnownFileType = wrapper.framework; name = Messages.framework; path = System/Library/Frameworks/Messages.framework; sourceTree = SDKROOT; };
		F238A300270E01BA00A09422 /* MessagesViewController.swift */ = {isa = PBXFileReference; lastKnownFileType = sourcecode.swift; path = MessagesViewController.swift; sourceTree = "<group>"; };
		F238A303270E01BA00A09422 /* Base */ = {isa = PBXFileReference; lastKnownFileType = file.storyboard; name = Base; path = Base.lproj/MainInterface.storyboard; sourceTree = "<group>"; };
		F238A305270E01BB00A09422 /* Assets.xcassets */ = {isa = PBXFileReference; lastKnownFileType = folder.assetcatalog; path = Assets.xcassets; sourceTree = "<group>"; };
		F238A307270E01BB00A09422 /* Info.plist */ = {isa = PBXFileReference; lastKnownFileType = text.plist.xml; path = Info.plist; sourceTree = "<group>"; };
/* End PBXFileReference section */

/* Begin PBXFrameworksBuildPhase section */
		F238A2F5270E01BA00A09422 /* Frameworks */ = {
			isa = PBXFrameworksBuildPhase;
			buildActionMask = 2147483647;
			files = (
				F238A2FE270E01BA00A09422 /* Messages.framework in Frameworks */,
			);
			runOnlyForDeploymentPostprocessing = 0;
		};
/* End PBXFrameworksBuildPhase section */

/* Begin PBXGroup section */
		F238A2E7270E01B800A09422 = {
			isa = PBXGroup;
			children = (
				F238A2F0270E01B800A09422 /* Calculator iMessage App */,
				F238A2FF270E01BA00A09422 /* Calculator iMessage App MessagesExtension */,
				F238A2FC270E01BA00A09422 /* Frameworks */,
				F238A2EF270E01B800A09422 /* Products */,
			);
			sourceTree = "<group>";
		};
		F238A2EF270E01B800A09422 /* Products */ = {
			isa = PBXGroup;
			children = (
				F238A2EE270E01B800A09422 /* Calculator iMessage App.app */,
				F238A2F8270E01BA00A09422 /* Calculator iMessage App MessagesExtension.appex */,
			);
			name = Products;
			sourceTree = "<group>";
		};
		F238A2F0270E01B800A09422 /* Calculator iMessage App */ = {
			isa = PBXGroup;
			children = (
				F238A2F1270E01BA00A09422 /* Assets.xcassets */,
				F238A2F3270E01BA00A09422 /* Info.plist */,
			);
			path = "Calculator iMessage App";
			sourceTree = "<group>";
		};
		F238A2FC270E01BA00A09422 /* Frameworks */ = {
			isa = PBXGroup;
			children = (
				F238A2FD270E01BA00A09422 /* Messages.framework */,
			);
			name = Frameworks;
			sourceTree = "<group>";
		};
		F238A2FF270E01BA00A09422 /* Calculator iMessage App MessagesExtension */ = {
			isa = PBXGroup;
			children = (
				F238A300270E01BA00A09422 /* MessagesViewController.swift */,
				F238A302270E01BA00A09422 /* MainInterface.storyboard */,
				F238A305270E01BB00A09422 /* Assets.xcassets */,
				F238A307270E01BB00A09422 /* Info.plist */,
			);
			path = "Calculator iMessage App MessagesExtension";
			sourceTree = "<group>";
		};
/* End PBXGroup section */

/* Begin PBXNativeTarget section */
		F238A2ED270E01B800A09422 /* Calculator iMessage App */ = {
			isa = PBXNativeTarget;
			buildConfigurationList = F238A30E270E01BB00A09422 /* Build configuration list for PBXNativeTarget "Calculator iMessage App" */;
			buildPhases = (
				F238A2EC270E01B800A09422 /* Resources */,
				F238A30D270E01BB00A09422 /* Embed App Extensions */,
			);
			buildRules = (
			);
			dependencies = (
				F238A2FB270E01BA00A09422 /* PBXTargetDependency */,
			);
			name = "Calculator iMessage App";
			productName = "Calculator iMessage App";
			productReference = F238A2EE270E01B800A09422 /* Calculator iMessage App.app */;
			productType = "com.apple.product-type.application.messages";
		};
		F238A2F7270E01BA00A09422 /* Calculator iMessage App MessagesExtension */ = {
			isa = PBXNativeTarget;
			buildConfigurationList = F238A30A270E01BB00A09422 /* Build configuration list for PBXNativeTarget "Calculator iMessage App MessagesExtension" */;
			buildPhases = (
				F238A2F4270E01BA00A09422 /* Sources */,
				F238A2F5270E01BA00A09422 /* Frameworks */,
				F238A2F6270E01BA00A09422 /* Resources */,
			);
			buildRules = (
			);
			dependencies = (
			);
			name = "Calculator iMessage App MessagesExtension";
			productName = "Calculator iMessage App MessagesExtension";
			productReference = F238A2F8270E01BA00A09422 /* Calculator iMessage App MessagesExtension.appex */;
			productType = "com.apple.product-type.app-extension.messages";
		};
/* End PBXNativeTarget section */

/* Begin PBXProject section */
		F238A2E8270E01B800A09422 /* Project object */ = {
			isa = PBXProject;
			attributes = {
				LastSwiftUpdateCheck = 1130;
				LastUpgradeCheck = 1130;
				ORGANIZATIONNAME = MDB;
				TargetAttributes = {
					F238A2ED270E01B800A09422 = {
						CreatedOnToolsVersion = 11.3.1;
					};
					F238A2F7270E01BA00A09422 = {
						CreatedOnToolsVersion = 11.3.1;
					};
				};
			};
			buildConfigurationList = F238A2EB270E01B800A09422 /* Build configuration list for PBXProject "Calculator iMessage App" */;
			compatibilityVersion = "Xcode 9.3";
			developmentRegion = en;
			hasScannedForEncodings = 0;
			knownRegions = (
				en,
				Base,
			);
			mainGroup = F238A2E7270E01B800A09422;
			productRefGroup = F238A2EF270E01B800A09422 /* Products */;
			projectDirPath = "";
			projectRoot = "";
			targets = (
				F238A2ED270E01B800A09422 /* Calculator iMessage App */,
				F238A2F7270E01BA00A09422 /* Calculator iMessage App MessagesExtension */,
			);
		};
/* End PBXProject section */

/* Begin PBXResourcesBuildPhase section */
		F238A2EC270E01B800A09422 /* Resources */ = {
			isa = PBXResourcesBuildPhase;
			buildActionMask = 2147483647;
			files = (
				F238A2F2270E01BA00A09422 /* Assets.xcassets in Resources */,
			);
			runOnlyForDeploymentPostprocessing = 0;
		};
		F238A2F6270E01BA00A09422 /* Resources */ = {
			isa = PBXResourcesBuildPhase;
			buildActionMask = 2147483647;
			files = (
				F238A306270E01BB00A09422 /* Assets.xcassets in Resources */,
				F238A304270E01BA00A09422 /* MainInterface.storyboard in Resources */,
			);
			runOnlyForDeploymentPostprocessing = 0;
		};
/* End PBXResourcesBuildPhase section */

/* Begin PBXSourcesBuildPhase section */
		F238A2F4270E01BA00A09422 /* Sources */ = {
			isa = PBXSourcesBuildPhase;
			buildActionMask = 2147483647;
			files = (
				F238A301270E01BA00A09422 /* MessagesViewController.swift in Sources */,
			);
			runOnlyForDeploymentPostprocessing = 0;
		};
/* End PBXSourcesBuildPhase section */

/* Begin PBXTargetDependency section */
		F238A2FB270E01BA00A09422 /* PBXTargetDependency */ = {
			isa = PBXTargetDependency;
			target = F238A2F7270E01BA00A09422 /* Calculator iMessage App MessagesExtension */;
			targetProxy = F238A2FA270E01BA00A09422 /* PBXContainerItemProxy */;
		};
/* End PBXTargetDependency section */

/* Begin PBXVariantGroup section */
		F238A302270E01BA00A09422 /* MainInterface.storyboard */ = {
			isa = PBXVariantGroup;
			children = (
				F238A303270E01BA00A09422 /* Base */,
			);
			name = MainInterface.storyboard;
			sourceTree = "<group>";
		};
/* End PBXVariantGroup section */

/* Begin XCBuildConfiguration section */
		F238A308270E01BB00A09422 /* Debug */ = {
			isa = XCBuildConfiguration;
			buildSettings = {
				ALWAYS_SEARCH_USER_PATHS = NO;
				CLANG_ANALYZER_NONNULL = YES;
				CLANG_ANALYZER_NUMBER_OBJECT_CONVERSION = YES_AGGRESSIVE;
				CLANG_CXX_LANGUAGE_STANDARD = "gnu++14";
				CLANG_CXX_LIBRARY = "libc++";
				CLANG_ENABLE_MODULES = YES;
				CLANG_ENABLE_OBJC_ARC = YES;
				CLANG_ENABLE_OBJC_WEAK = YES;
				CLANG_WARN_BLOCK_CAPTURE_AUTORELEASING = YES;
				CLANG_WARN_BOOL_CONVERSION = YES;
				CLANG_WARN_COMMA = YES;
				CLANG_WARN_CONSTANT_CONVERSION = YES;
				CLANG_WARN_DEPRECATED_OBJC_IMPLEMENTATIONS = YES;
				CLANG_WARN_DIRECT_OBJC_ISA_USAGE = YES_ERROR;
				CLANG_WARN_DOCUMENTATION_COMMENTS = YES;
				CLANG_WARN_EMPTY_BODY = YES;
				CLANG_WARN_ENUM_CONVERSION = YES;
				CLANG_WARN_INFINITE_RECURSION = YES;
				CLANG_WARN_INT_CONVERSION = YES;
				CLANG_WARN_NON_LITERAL_NULL_CONVERSION = YES;
				CLANG_WARN_OBJC_IMPLICIT_RETAIN_SELF = YES;
				CLANG_WARN_OBJC_LITERAL_CONVERSION = YES;
				CLANG_WARN_OBJC_ROOT_CLASS = YES_ERROR;
				CLANG_WARN_RANGE_LOOP_ANALYSIS = YES;
				CLANG_WARN_STRICT_PROTOTYPES = YES;
				CLANG_WARN_SUSPICIOUS_MOVE = YES;
				CLANG_WARN_UNGUARDED_AVAILABILITY = YES_AGGRESSIVE;
				CLANG_WARN_UNREACHABLE_CODE = YES;
				CLANG_WARN__DUPLICATE_METHOD_MATCH = YES;
				COPY_PHASE_STRIP = NO;
				DEBUG_INFORMATION_FORMAT = dwarf;
				ENABLE_STRICT_OBJC_MSGSEND = YES;
				ENABLE_TESTABILITY = YES;
				GCC_C_LANGUAGE_STANDARD = gnu11;
				GCC_DYNAMIC_NO_PIC = NO;
				GCC_NO_COMMON_BLOCKS = YES;
				GCC_OPTIMIZATION_LEVEL = 0;
				GCC_PREPROCESSOR_DEFINITIONS = (
					"DEBUG=1",
					"$(inherited)",
				);
				GCC_WARN_64_TO_32_BIT_CONVERSION = YES;
				GCC_WARN_ABOUT_RETURN_TYPE = YES_ERROR;
				GCC_WARN_UNDECLARED_SELECTOR = YES;
				GCC_WARN_UNINITIALIZED_AUTOS = YES_AGGRESSIVE;
				GCC_WARN_UNUSED_FUNCTION = YES;
				GCC_WARN_UNUSED_VARIABLE = YES;
				IPHONEOS_DEPLOYMENT_TARGET = 13.2;
				MTL_ENABLE_DEBUG_INFO = INCLUDE_SOURCE;
				MTL_FAST_MATH = YES;
				ONLY_ACTIVE_ARCH = YES;
				SDKROOT = iphoneos;
				SWIFT_ACTIVE_COMPILATION_CONDITIONS = DEBUG;
				SWIFT_OPTIMIZATION_LEVEL = "-Onone";
			};
			name = Debug;
		};
		F238A309270E01BB00A09422 /* Release */ = {
			isa = XCBuildConfiguration;
			buildSettings = {
				ALWAYS_SEARCH_USER_PATHS = NO;
				CLANG_ANALYZER_NONNULL = YES;
				CLANG_ANALYZER_NUMBER_OBJECT_CONVERSION = YES_AGGRESSIVE;
				CLANG_CXX_LANGUAGE_STANDARD = "gnu++14";
				CLANG_CXX_LIBRARY = "libc++";
				CLANG_ENABLE_MODULES = YES;
				CLANG_ENABLE_OBJC_ARC = YES;
				CLANG_ENABLE_OBJC_WEAK = YES;
				CLANG_WARN_BLOCK_CAPTURE_AUTORELEASING = YES;
				CLANG_WARN_BOOL_CONVERSION = YES;
				CLANG_WARN_COMMA = YES;
				CLANG_WARN_CONSTANT_CONVERSION = YES;
				CLANG_WARN_DEPRECATED_OBJC_IMPLEMENTATIONS = YES;
				CLANG_WARN_DIRECT_OBJC_ISA_USAGE = YES_ERROR;
				CLANG_WARN_DOCUMENTATION_COMMENTS = YES;
				CLANG_WARN_EMPTY_BODY = YES;
				CLANG_WARN_ENUM_CONVERSION = YES;
				CLANG_WARN_INFINITE_RECURSION = YES;
				CLANG_WARN_INT_CONVERSION = YES;
				CLANG_WARN_NON_LITERAL_NULL_CONVERSION = YES;
				CLANG_WARN_OBJC_IMPLICIT_RETAIN_SELF = YES;
				CLANG_WARN_OBJC_LITERAL_CONVERSION = YES;
				CLANG_WARN_OBJC_ROOT_CLASS = YES_ERROR;
				CLANG_WARN_RANGE_LOOP_ANALYSIS = YES;
				CLANG_WARN_STRICT_PROTOTYPES = YES;
				CLANG_WARN_SUSPICIOUS_MOVE = YES;
				CLANG_WARN_UNGUARDED_AVAILABILITY = YES_AGGRESSIVE;
				CLANG_WARN_UNREACHABLE_CODE = YES;
				CLANG_WARN__DUPLICATE_METHOD_MATCH = YES;
				COPY_PHASE_STRIP = NO;
				DEBUG_INFORMATION_FORMAT = "dwarf-with-dsym";
				ENABLE_NS_ASSERTIONS = NO;
				ENABLE_STRICT_OBJC_MSGSEND = YES;
				GCC_C_LANGUAGE_STANDARD = gnu11;
				GCC_NO_COMMON_BLOCKS = YES;
				GCC_WARN_64_TO_32_BIT_CONVERSION = YES;
				GCC_WARN_ABOUT_RETURN_TYPE = YES_ERROR;
				GCC_WARN_UNDECLARED_SELECTOR = YES;
				GCC_WARN_UNINITIALIZED_AUTOS = YES_AGGRESSIVE;
				GCC_WARN_UNUSED_FUNCTION = YES;
				GCC_WARN_UNUSED_VARIABLE = YES;
				IPHONEOS_DEPLOYMENT_TARGET = 13.2;
				MTL_ENABLE_DEBUG_INFO = NO;
				MTL_FAST_MATH = YES;
				SDKROOT = iphoneos;
				SWIFT_COMPILATION_MODE = wholemodule;
				SWIFT_OPTIMIZATION_LEVEL = "-O";
				VALIDATE_PRODUCT = YES;
			};
			name = Release;
		};
		F238A30B270E01BB00A09422 /* Debug */ = {
			isa = XCBuildConfiguration;
			buildSettings = {
				ASSETCATALOG_COMPILER_APPICON_NAME = "iMessage App Icon";
				CODE_SIGN_STYLE = Automatic;
				INFOPLIST_FILE = "Calculator iMessage App MessagesExtension/Info.plist";
				LD_RUNPATH_SEARCH_PATHS = (
					"$(inherited)",
					"@executable_path/Frameworks",
					"@executable_path/../../Frameworks",
				);
				PRODUCT_BUNDLE_IDENTIFIER = "com.MDB.Calculator-iMessage-App.MessagesExtension";
				PRODUCT_NAME = "$(TARGET_NAME)";
				SKIP_INSTALL = YES;
				SWIFT_VERSION = 5.0;
				TARGETED_DEVICE_FAMILY = "1,2";
			};
			name = Debug;
		};
		F238A30C270E01BB00A09422 /* Release */ = {
			isa = XCBuildConfiguration;
			buildSettings = {
				ASSETCATALOG_COMPILER_APPICON_NAME = "iMessage App Icon";
				CODE_SIGN_STYLE = Automatic;
				INFOPLIST_FILE = "Calculator iMessage App MessagesExtension/Info.plist";
				LD_RUNPATH_SEARCH_PATHS = (
					"$(inherited)",
					"@executable_path/Frameworks",
					"@executable_path/../../Frameworks",
				);
				PRODUCT_BUNDLE_IDENTIFIER = "com.MDB.Calculator-iMessage-App.MessagesExtension";
				PRODUCT_NAME = "$(TARGET_NAME)";
				SKIP_INSTALL = YES;
				SWIFT_VERSION = 5.0;
				TARGETED_DEVICE_FAMILY = "1,2";
			};
			name = Release;
		};
		F238A30F270E01BB00A09422 /* Debug */ = {
			isa = XCBuildConfiguration;
			buildSettings = {
				ALWAYS_EMBED_SWIFT_STANDARD_LIBRARIES = YES;
				ASSETCATALOG_COMPILER_APPICON_NAME = AppIcon;
				CODE_SIGN_STYLE = Automatic;
				INFOPLIST_FILE = "Calculator iMessage App/Info.plist";
				PRODUCT_BUNDLE_IDENTIFIER = "com.MDB.Calculator-iMessage-App";
				PRODUCT_NAME = "$(TARGET_NAME)";
				SWIFT_VERSION = 5.0;
				TARGETED_DEVICE_FAMILY = "1,2";
			};
			name = Debug;
		};
		F238A310270E01BB00A09422 /* Release */ = {
			isa = XCBuildConfiguration;
			buildSettings = {
				ALWAYS_EMBED_SWIFT_STANDARD_LIBRARIES = YES;
				ASSETCATALOG_COMPILER_APPICON_NAME = AppIcon;
				CODE_SIGN_STYLE = Automatic;
				INFOPLIST_FILE = "Calculator iMessage App/Info.plist";
				PRODUCT_BUNDLE_IDENTIFIER = "com.MDB.Calculator-iMessage-App";
				PRODUCT_NAME = "$(TARGET_NAME)";
				SWIFT_VERSION = 5.0;
				TARGETED_DEVICE_FAMILY = "1,2";
			};
			name = Release;
		};
/* End XCBuildConfiguration section */

/* Begin XCConfigurationList section */
		F238A2EB270E01B800A09422 /* Build configuration list for PBXProject "Calculator iMessage App" */ = {
			isa = XCConfigurationList;
			buildConfigurations = (
				F238A308270E01BB00A09422 /* Debug */,
				F238A309270E01BB00A09422 /* Release */,
			);
			defaultConfigurationIsVisible = 0;
			defaultConfigurationName = Release;
		};
		F238A30A270E01BB00A09422 /* Build configuration list for PBXNativeTarget "Calculator iMessage App MessagesExtension" */ = {
			isa = XCConfigurationList;
			buildConfigurations = (
				F238A30B270E01BB00A09422 /* Debug */,
				F238A30C270E01BB00A09422 /* Release */,
			);
			defaultConfigurationIsVisible = 0;
			defaultConfigurationName = Release;
		};
		F238A30E270E01BB00A09422 /* Build configuration list for PBXNativeTarget "Calculator iMessage App" */ = {
			isa = XCConfigurationList;
			buildConfigurations = (
				F238A30F270E01BB00A09422 /* Debug */,
				F238A310270E01BB00A09422 /* Release */,
			);
			defaultConfigurationIsVisible = 0;
			defaultConfigurationName = Release;
		};
/* End XCConfigurationList section */
	};
	rootObject = F238A2E8270E01B800A09422 /* Project object */;
}
